
Microsoft Visual Studio Solution File, Format Version 12.00
# Visual Studio Version 17
VisualStudioVersion = 17.4.33205.214
MinimumVisualStudioVersion = 10.0.40219.1
Project("{9A19103F-16F7-4668-BE54-9A1E7A4F7556}") = "libxl", "libxl\libxl.csproj", "{3AC340F8-4EEC-4E4B-A99A-1E435B05335D}"
EndProject
Project("{9A19103F-16F7-4668-BE54-9A1E7A4F7556}") = "generate", "generate\generate.csproj", "{CD0D0760-7B8A-44C4-A68B-4D0E4BE5143F}"
EndProject
Project("{FAE04EC0-301F-11D3-BF4B-00C04F79EFBC}") = "custom", "custom\custom.csproj", "{2D12B627-1BBD-47EE-8BCE-7EDA05562A3E}"
EndProject
Project("{FAE04EC0-301F-11D3-BF4B-00C04F79EFBC}") = "edit", "edit\edit.csproj", "{E2096F96-9588-4B6A-ADA4-A3E3A2C5F56F}"
EndProject
Project("{FAE04EC0-301F-11D3-BF4B-00C04F79EFBC}") = "extract", "extract\extract.csproj", "{EFA04F3C-7486-495B-9BE6-D76998A93D61}"
EndProject
Project("{FAE04EC0-301F-11D3-BF4B-00C04F79EFBC}") = "format", "format\format.csproj", "{DD4B2FA7-E83F-42AD-B0B9-A6B515C0F4DC}"
EndProject
Project("{FAE04EC0-301F-11D3-BF4B-00C04F79EFBC}") = "invoice", "invoice\invoice.csproj", "{41DCF00A-F8C3-4C03-9EBE-F228D52F222F}"
EndProject
Project("{FAE04EC0-301F-11D3-BF4B-00C04F79EFBC}") = "performance", "performance\performance.csproj", "{59511884-63D7-429C-8C90-54A75656DBF8}"
EndProject
Global
	GlobalSection(SolutionConfigurationPlatforms) = preSolution
		Debug|Any CPU = Debug|Any CPU
		Release|Any CPU = Release|Any CPU
	EndGlobalSection
	GlobalSection(ProjectConfigurationPlatforms) = postSolution
		{3AC340F8-4EEC-4E4B-A99A-1E435B05335D}.Debug|Any CPU.ActiveCfg = Debug|Any CPU
		{3AC340F8-4EEC-4E4B-A99A-1E435B05335D}.Debug|Any CPU.Build.0 = Debug|Any CPU
		{3AC340F8-4EEC-4E4B-A99A-1E435B05335D}.Release|Any CPU.ActiveCfg = Release|Any CPU
		{3AC340F8-4EEC-4E4B-A99A-1E435B05335D}.Release|Any CPU.Build.0 = Release|Any CPU
		{CD0D0760-7B8A-44C4-A68B-4D0E4BE5143F}.Debug|Any CPU.ActiveCfg = Debug|Any CPU
		{CD0D0760-7B8A-44C4-A68B-4D0E4BE5143F}.Debug|Any CPU.Build.0 = Debug|Any CPU
		{CD0D0760-7B8A-44C4-A68B-4D0E4BE5143F}.Release|Any CPU.ActiveCfg = Release|Any CPU
		{CD0D0760-7B8A-44C4-A68B-4D0E4BE5143F}.Release|Any CPU.Build.0 = Release|Any CPU
		{2D12B627-1BBD-47EE-8BCE-7EDA05562A3E}.Debug|Any CPU.ActiveCfg = Debug|Any CPU
		{2D12B627-1BBD-47EE-8BCE-7EDA05562A3E}.Debug|Any CPU.Build.0 = Debug|Any CPU
		{2D12B627-1BBD-47EE-8BCE-7EDA05562A3E}.Release|Any CPU.ActiveCfg = Release|Any CPU
		{2D12B627-1BBD-47EE-8BCE-7EDA05562A3E}.Release|Any CPU.Build.0 = Release|Any CPU
		{E2096F96-9588-4B6A-ADA4-A3E3A2C5F56F}.Debug|Any CPU.ActiveCfg = Debug|Any CPU
		{E2096F96-9588-4B6A-ADA4-A3E3A2C5F56F}.Debug|Any CPU.Build.0 = Debug|Any CPU
		{E2096F96-9588-4B6A-ADA4-A3E3A2C5F56F}.Release|Any CPU.ActiveCfg = Release|Any CPU
		{E2096F96-9588-4B6A-ADA4-A3E3A2C5F56F}.Release|Any CPU.Build.0 = Release|Any CPU
		{EFA04F3C-7486-495B-9BE6-D76998A93D61}.Debug|Any CPU.ActiveCfg = Debug|Any CPU
		{EFA04F3C-7486-495B-9BE6-D76998A93D61}.Debug|Any CPU.Build.0 = Debug|Any CPU
		{EFA04F3C-7486-495B-9BE6-D76998A93D61}.Release|Any CPU.ActiveCfg = Release|Any CPU
		{EFA04F3C-7486-495B-9BE6-D76998A93D61}.Release|Any CPU.Build.0 = Release|Any CPU
		{DD4B2FA7-E83F-42AD-B0B9-A6B515C0F4DC}.Debug|Any CPU.ActiveCfg = Debug|Any CPU
		{DD4B2FA7-E83F-42AD-B0B9-A6B515C0F4DC}.Debug|Any CPU.Build.0 = Debug|Any CPU
		{DD4B2FA7-E83F-42AD-B0B9-A6B515C0F4DC}.Release|Any CPU.ActiveCfg = Release|Any CPU
		{DD4B2FA7-E83F-42AD-B0B9-A6B515C0F4DC}.Release|Any CPU.Build.0 = Release|Any CPU
		{41DCF00A-F8C3-4C03-9EBE-F228D52F222F}.Debug|Any CPU.ActiveCfg = Debug|Any CPU
		{41DCF00A-F8C3-4C03-9EBE-F228D52F222F}.Debug|Any CPU.Build.0 = Debug|Any CPU
		{41DCF00A-F8C3-4C03-9EBE-F228D52F222F}.Release|Any CPU.ActiveCfg = Release|Any CPU
		{41DCF00A-F8C3-4C03-9EBE-F228D52F222F}.Release|Any CPU.Build.0 = Release|Any CPU
		{59511884-63D7-429C-8C90-54A75656DBF8}.Debug|Any CPU.ActiveCfg = Debug|Any CPU
		{59511884-63D7-429C-8C90-54A75656DBF8}.Debug|Any CPU.Build.0 = Debug|Any CPU
		{59511884-63D7-429C-8C90-54A75656DBF8}.Release|Any CPU.ActiveCfg = Release|Any CPU
		{59511884-63D7-429C-8C90-54A75656DBF8}.Release|Any CPU.Build.0 = Release|Any CPU
	EndGlobalSection
	GlobalSection(SolutionProperties) = preSolution
		HideSolutionNode = FALSE
	EndGlobalSection
	GlobalSection(ExtensibilityGlobals) = postSolution
		SolutionGuid = {887478D9-2CE6-497D-96A3-F5DA4D714D19}
	EndGlobalSection
EndGlobal
