<?xml version="1.0" encoding="utf-8"?>
<Project ToolsVersion="4.0" xmlns="http://schemas.microsoft.com/developer/msbuild/2003">
  <ItemGroup>
    <Filter Include="Source Files">
      <UniqueIdentifier>{4FC737F1-C7A5-4376-A066-2A32D752A2FF}</UniqueIdentifier>
      <Extensions>cpp;c;cc;cxx;c++;cppm;ixx;def;odl;idl;hpj;bat;asm;asmx</Extensions>
    </Filter>
    <Filter Include="Header Files">
      <UniqueIdentifier>{93995380-89BD-4b04-88EB-625FBE52EBFB}</UniqueIdentifier>
      <Extensions>h;hh;hpp;hxx;h++;hm;inl;inc;ipp;xsd</Extensions>
    </Filter>
    <Filter Include="Resource Files">
      <UniqueIdentifier>{67DA6AB6-F800-4c08-8B7A-83BB121AAD01}</UniqueIdentifier>
      <Extensions>rc;ico;cur;bmp;dlg;rc2;rct;bin;rgs;gif;jpg;jpeg;jpe;resx;tiff;tif;png;wav;mfcribbon-ms</Extensions>
    </Filter>
    <Filter Include="Source Files\Problem">
      <UniqueIdentifier>{63d4420a-34b5-4093-9aac-d533f14532b1}</UniqueIdentifier>
    </Filter>
  </ItemGroup>
  <ItemGroup>
    <ClInclude Include="Bin.h">
      <Filter>Header Files</Filter>
    </ClInclude>
    <ClInclude Include="Chromosome.h">
      <Filter>Header Files</Filter>
    </ClInclude>
    <ClInclude Include="Crossover.h">
      <Filter>Header Files</Filter>
    </ClInclude>
    <ClInclude Include="Genetic.h">
      <Filter>Header Files</Filter>
    </ClInclude>
    <ClInclude Include="HillClimbing.h">
      <Filter>Header Files</Filter>
    </ClInclude>
    <ClInclude Include="IntervalTree.h">
      <Filter>Header Files</Filter>
    </ClInclude>
    <ClInclude Include="Item.h">
      <Filter>Header Files</Filter>
    </ClInclude>
    <ClInclude Include="matplotlibcpp.h">
      <Filter>Header Files</Filter>
    </ClInclude>
    <ClInclude Include="Mutation.h">
      <Filter>Header Files</Filter>
    </ClInclude>
    <ClInclude Include="Neighborhood.h">
      <Filter>Header Files</Filter>
    </ClInclude>
    <ClInclude Include="RectanglePlacement.h">
      <Filter>Header Files</Filter>
    </ClInclude>
    <ClInclude Include="Types.h">
      <Filter>Header Files</Filter>
    </ClInclude>
    <ClInclude Include="Utility.h">
      <Filter>Header Files</Filter>
    </ClInclude>
  </ItemGroup>
  <ItemGroup>
    <ClCompile Include="Chromosome.cpp">
      <Filter>Source Files</Filter>
    </ClCompile>
    <ClCompile Include="Crossover.cpp">
      <Filter>Source Files</Filter>
    </ClCompile>
    <ClCompile Include="Genetic.cpp">
      <Filter>Source Files</Filter>
    </ClCompile>
    <ClCompile Include="HillClimbing.cpp">
      <Filter>Source Files</Filter>
    </ClCompile>
    <ClCompile Include="Mutation.cpp">
      <Filter>Source Files</Filter>
    </ClCompile>
    <ClCompile Include="Neighborhood.cpp">
      <Filter>Source Files</Filter>
    </ClCompile>
    <ClCompile Include="Utility.cpp">
      <Filter>Source Files</Filter>
    </ClCompile>
    <ClCompile Include="Bin.cpp">
      <Filter>Source Files\Problem</Filter>
    </ClCompile>
    <ClCompile Include="Item.cpp">
      <Filter>Source Files\Problem</Filter>
    </ClCompile>
    <ClCompile Include="Genetic_Algorithm.cpp">
      <Filter>Source Files</Filter>
    </ClCompile>
  </ItemGroup>
  <ItemGroup>
    <None Include="packages.config" />
  </ItemGroup>
</Project>